
Microsoft Visual Studio Solution File, Format Version 12.00
# Visual Studio Version 17
VisualStudioVersion = 17.8.34309.116
MinimumVisualStudioVersion = 10.0.40219.1
Project("{FAE04EC0-301F-11D3-BF4B-00C04F79EFBC}") = "ConsoleApplication", "ConsoleApplication\ConsoleApplication.csproj", "{7731CC8E-779A-4101-919A-B62B92E074F7}"
EndProject
Project("{FAE04EC0-301F-11D3-BF4B-00C04F79EFBC}") = "Common", "Common\Common.csproj", "{725C476A-DC15-45D2-9A14-6B9DED9F9AF7}"
EndProject
Global
	GlobalSection(SolutionConfigurationPlatforms) = preSolution
		Debug|Any CPU = Debug|Any CPU
		Release|Any CPU = Release|Any CPU
	EndGlobalSection
	GlobalSection(ProjectConfigurationPlatforms) = postSolution
		{7731CC8E-779A-4101-919A-B62B92E074F7}.Debug|Any CPU.ActiveCfg = Debug|Any CPU
		{7731CC8E-779A-4101-919A-B62B92E074F7}.Debug|Any CPU.Build.0 = Debug|Any CPU
		{7731CC8E-779A-4101-919A-B62B92E074F7}.Release|Any CPU.ActiveCfg = Release|Any CPU
		{7731CC8E-779A-4101-919A-B62B92E074F7}.Release|Any CPU.Build.0 = Release|Any CPU
		{725C476A-DC15-45D2-9A14-6B9DED9F9AF7}.Debug|Any CPU.ActiveCfg = Debug|Any CPU
		{725C476A-DC15-45D2-9A14-6B9DED9F9AF7}.Debug|Any CPU.Build.0 = Debug|Any CPU
		{725C476A-DC15-45D2-9A14-6B9DED9F9AF7}.Release|Any CPU.ActiveCfg = Release|Any CPU
		{725C476A-DC15-45D2-9A14-6B9DED9F9AF7}.Release|Any CPU.Build.0 = Release|Any CPU
	EndGlobalSection
	GlobalSection(SolutionProperties) = preSolution
		HideSolutionNode = FALSE
	EndGlobalSection
	GlobalSection(ExtensibilityGlobals) = postSolution
		SolutionGuid = {964AB649-CE36-41A5-9945-73DBDD414C73}
	EndGlobalSection
EndGlobal
